{
  "version": 4,
  "terraform_version": "1.12.1",
  "serial": 8,
  "lineage": "96b33023-8563-08c7-6d0c-8f03d57e28d2",
  "outputs": {
    "iam_role_arn": {
      "value": "arn:aws:iam::475538532274:role/solbot-stg-role",
      "type": "string"
    },
    "instance_profile_name": {
      "value": "solbot-stg-profile",
      "type": "string"
    }
  },
  "resources": [
    {
      "mode": "data",
      "type": "aws_ami",
      "name": "amazon_linux_2",
      "provider": "provider[\"registry.terraform.io/hashicorp/aws\"]",
      "instances": [
        {
          "schema_version": 0,
          "attributes": {
            "architecture": "x86_64",
            "arn": "arn:aws:ec2:ap-northeast-1::image/ami-0da9a208c352ca999",
            "block_device_mappings": [
              {
                "device_name": "/dev/xvda",
                "ebs": {
                  "delete_on_termination": "true",
                  "encrypted": "false",
                  "iops": "0",
                  "snapshot_id": "snap-01e269696285fe205",
                  "throughput": "0",
                  "volume_initialization_rate": "0",
                  "volume_size": "8",
                  "volume_type": "gp2"
                },
                "no_device": "",
                "virtual_name": ""
              }
            ],
            "boot_mode": "",
            "creation_date": "2025-06-03T20:03:14.000Z",
            "deprecation_time": "2025-09-01T20:03:00.000Z",
            "description": "Amazon Linux 2 AMI 2.0.20250603.0 x86_64 HVM gp2",
            "ena_support": true,
            "executable_users": null,
            "filter": [
              {
                "name": "name",
                "values": [
                  "amzn2-ami-hvm-*-x86_64-gp2"
                ]
              },
              {
                "name": "virtualization-type",
                "values": [
                  "hvm"
                ]
              }
            ],
            "hypervisor": "xen",
            "id": "ami-0da9a208c352ca999",
            "image_id": "ami-0da9a208c352ca999",
            "image_location": "amazon/amzn2-ami-hvm-2.0.20250603.0-x86_64-gp2",
            "image_owner_alias": "amazon",
            "image_type": "machine",
            "imds_support": "",
            "include_deprecated": false,
            "kernel_id": "",
            "last_launched_time": "",
            "most_recent": true,
            "name": "amzn2-ami-hvm-2.0.20250603.0-x86_64-gp2",
            "name_regex": null,
            "owner_id": "137112412989",
            "owners": [
              "amazon"
            ],
            "platform": "",
            "platform_details": "Linux/UNIX",
            "product_codes": [],
            "public": true,
            "ramdisk_id": "",
            "root_device_name": "/dev/xvda",
            "root_device_type": "ebs",
            "root_snapshot_id": "snap-01e269696285fe205",
            "sriov_net_support": "simple",
            "state": "available",
            "state_reason": {
              "code": "UNSET",
              "message": "UNSET"
            },
            "tags": {},
            "timeouts": null,
            "tpm_support": "",
            "uefi_data": null,
            "usage_operation": "RunInstances",
            "virtualization_type": "hvm"
          },
          "sensitive_attributes": [],
          "identity_schema_version": 0
        }
      ]
    },
    {
      "mode": "managed",
      "type": "aws_iam_instance_profile",
      "name": "solbot_stg_profile",
      "provider": "provider[\"registry.terraform.io/hashicorp/aws\"]",
      "instances": [
        {
          "schema_version": 0,
          "attributes": {
            "arn": "arn:aws:iam::475538532274:instance-profile/solbot-stg-profile",
            "create_date": "2025-06-06T02:01:04Z",
            "id": "solbot-stg-profile",
            "name": "solbot-stg-profile",
            "name_prefix": "",
            "path": "/",
            "role": "solbot-stg-role",
            "tags": null,
            "tags_all": {},
            "unique_id": "AIPAW5OCOE6ZIZORPQNF5"
          },
          "sensitive_attributes": [],
          "identity_schema_version": 0,
          "private": "bnVsbA==",
          "dependencies": [
            "aws_iam_role.solbot_stg_role"
          ]
        }
      ]
    },
    {
      "mode": "managed",
      "type": "aws_iam_policy",
      "name": "solbot_s3_policy",
      "provider": "provider[\"registry.terraform.io/hashicorp/aws\"]",
      "instances": [
        {
          "schema_version": 0,
          "attributes": {
            "arn": "arn:aws:iam::475538532274:policy/solbot-stg-s3-policy",
            "attachment_count": 0,
            "description": "SOL-Bot ステージング環境のS3アクセスポリシー",
            "id": "arn:aws:iam::475538532274:policy/solbot-stg-s3-policy",
            "name": "solbot-stg-s3-policy",
            "name_prefix": "",
            "path": "/",
            "policy": "{\"Statement\":[{\"Action\":[\"s3:PutObject\",\"s3:GetObject\",\"s3:ListBucket\"],\"Effect\":\"Allow\",\"Resource\":[\"arn:aws:s3:::solbot-logs\",\"arn:aws:s3:::solbot-logs/*\"]}],\"Version\":\"2012-10-17\"}",
            "policy_id": "ANPAW5OCOE6ZMME6BYBE4",
            "tags": null,
            "tags_all": {}
          },
          "sensitive_attributes": [],
          "identity_schema_version": 0,
          "private": "bnVsbA=="
        }
      ]
    },
    {
      "mode": "managed",
      "type": "aws_iam_policy",
      "name": "solbot_ssm_policy",
      "provider": "provider[\"registry.terraform.io/hashicorp/aws\"]",
      "instances": [
        {
          "schema_version": 0,
          "attributes": {
            "arn": "arn:aws:iam::475538532274:policy/solbot-stg-ssm-policy",
            "attachment_count": 0,
            "description": "SOL-Bot ステージング環境のSSMパラメータストアアクセスポリシー",
            "id": "arn:aws:iam::475538532274:policy/solbot-stg-ssm-policy",
            "name": "solbot-stg-ssm-policy",
            "name_prefix": "",
            "path": "/",
            "policy": "{\"Statement\":[{\"Action\":[\"ssm:GetParameters\",\"ssm:GetParameter\"],\"Effect\":\"Allow\",\"Resource\":\"arn:aws:ssm:ap-northeast-1:475538532274:parameter/solbot/stg/*\"}],\"Version\":\"2012-10-17\"}",
            "policy_id": "ANPAW5OCOE6ZOGIUZQCDW",
            "tags": null,
            "tags_all": {}
          },
          "sensitive_attributes": [],
          "identity_schema_version": 0,
          "private": "bnVsbA=="
        }
      ]
    },
    {
      "mode": "managed",
      "type": "aws_iam_role",
      "name": "solbot_stg_role",
      "provider": "provider[\"registry.terraform.io/hashicorp/aws\"]",
      "instances": [
        {
          "schema_version": 0,
          "attributes": {
            "arn": "arn:aws:iam::475538532274:role/solbot-stg-role",
            "assume_role_policy": "{\"Statement\":[{\"Action\":\"sts:AssumeRole\",\"Effect\":\"Allow\",\"Principal\":{\"Service\":\"ec2.amazonaws.com\"}}],\"Version\":\"2012-10-17\"}",
            "create_date": "2025-06-06T02:01:03Z",
            "description": "",
            "force_detach_policies": false,
            "id": "solbot-stg-role",
            "inline_policy": [],
            "managed_policy_arns": [],
            "max_session_duration": 3600,
            "name": "solbot-stg-role",
            "name_prefix": "",
            "path": "/",
            "permissions_boundary": "",
            "tags": {
              "Env": "stg",
              "Name": "solbot-stg-role"
            },
            "tags_all": {
              "Env": "stg",
              "Name": "solbot-stg-role"
            },
            "unique_id": "AROAW5OCOE6ZJTHC67RJE"
          },
          "sensitive_attributes": [],
          "identity_schema_version": 0,
          "private": "bnVsbA=="
        }
      ]
    },
    {
      "mode": "managed",
      "type": "aws_iam_role_policy_attachment",
      "name": "solbot_s3_attachment",
      "provider": "provider[\"registry.terraform.io/hashicorp/aws\"]",
      "instances": [
        {
          "schema_version": 0,
          "attributes": {
            "id": "solbot-stg-role-20250606020104028700000002",
            "policy_arn": "arn:aws:iam::475538532274:policy/solbot-stg-s3-policy",
            "role": "solbot-stg-role"
          },
          "sensitive_attributes": [],
          "identity_schema_version": 0,
          "private": "bnVsbA==",
          "dependencies": [
            "aws_iam_policy.solbot_s3_policy",
            "aws_iam_role.solbot_stg_role"
          ]
        }
      ]
    },
    {
      "mode": "managed",
      "type": "aws_iam_role_policy_attachment",
      "name": "solbot_ssm_attachment",
      "provider": "provider[\"registry.terraform.io/hashicorp/aws\"]",
      "instances": [
        {
          "schema_version": 0,
          "attributes": {
            "id": "solbot-stg-role-20250606020104004100000001",
            "policy_arn": "arn:aws:iam::475538532274:policy/solbot-stg-ssm-policy",
            "role": "solbot-stg-role"
          },
          "sensitive_attributes": [],
          "identity_schema_version": 0,
          "private": "bnVsbA==",
          "dependencies": [
            "aws_iam_policy.solbot_ssm_policy",
            "aws_iam_role.solbot_stg_role"
          ]
        }
      ]
    }
  ],
  "check_results": null
}
